
Microsoft Visual Studio Solution File, Format Version 12.00
# Visual Studio Version 16
VisualStudioVersion = 16.0.29009.5
MinimumVisualStudioVersion = 10.0.40219.1
Project("{D954291E-2A0B-460D-934E-DC6B0785DB48}") = "LocSlashRepro.Shared", "LocSlashRepro\LocSlashRepro.Shared\LocSlashRepro.Shared.shproj", "{6279C845-92F8-4333-AB99-3D213163593C}"
EndProject
Project("{FAE04EC0-301F-11D3-BF4B-00C04F79EFBC}") = "LocSlashRepro.Droid", "LocSlashRepro\LocSlashRepro.Droid\LocSlashRepro.Droid.csproj", "{79B646DB-5BF0-4B14-8655-68F52FCF388E}"
EndProject
Project("{FAE04EC0-301F-11D3-BF4B-00C04F79EFBC}") = "LocSlashRepro.iOS", "LocSlashRepro\LocSlashRepro.iOS\LocSlashRepro.iOS.csproj", "{3D675BA8-F977-48B8-B6D3-F1B5DD77B930}"
EndProject
Project("{FAE04EC0-301F-11D3-BF4B-00C04F79EFBC}") = "LocSlashRepro.UWP", "LocSlashRepro\LocSlashRepro.UWP\LocSlashRepro.UWP.csproj", "{C0E8D66A-B5AB-42F2-BA42-20BE9860F101}"
EndProject
Project("{FAE04EC0-301F-11D3-BF4B-00C04F79EFBC}") = "LocSlashRepro.Wasm", "LocSlashRepro\LocSlashRepro.Wasm\LocSlashRepro.Wasm.csproj", "{0BCCF0E1-3929-46AF-BD64-3623638BCBB4}"
EndProject
Global
	GlobalSection(SharedMSBuildProjectFiles) = preSolution
		LocSlashRepro\LocSlashRepro.Shared\LocSlashRepro.Shared.projitems*{6279c845-92f8-4333-ab99-3d213163593c}*SharedItemsImports = 13
		LocSlashRepro\LocSlashRepro.Shared\LocSlashRepro.Shared.projitems*{c0e8d66a-b5ab-42f2-ba42-20be9860f101}*SharedItemsImports = 4
	EndGlobalSection
	GlobalSection(SolutionConfigurationPlatforms) = preSolution
		Ad-Hoc|Any CPU = Ad-Hoc|Any CPU
		Ad-Hoc|ARM = Ad-Hoc|ARM
		Ad-Hoc|iPhone = Ad-Hoc|iPhone
		Ad-Hoc|iPhoneSimulator = Ad-Hoc|iPhoneSimulator
		Ad-Hoc|x64 = Ad-Hoc|x64
		Ad-Hoc|x86 = Ad-Hoc|x86
		AppStore|Any CPU = AppStore|Any CPU
		AppStore|ARM = AppStore|ARM
		AppStore|iPhone = AppStore|iPhone
		AppStore|iPhoneSimulator = AppStore|iPhoneSimulator
		AppStore|x64 = AppStore|x64
		AppStore|x86 = AppStore|x86
		Debug|Any CPU = Debug|Any CPU
		Debug|ARM = Debug|ARM
		Debug|iPhone = Debug|iPhone
		Debug|iPhoneSimulator = Debug|iPhoneSimulator
		Debug|x64 = Debug|x64
		Debug|x86 = Debug|x86
		Release|Any CPU = Release|Any CPU
		Release|ARM = Release|ARM
		Release|iPhone = Release|iPhone
		Release|iPhoneSimulator = Release|iPhoneSimulator
		Release|x64 = Release|x64
		Release|x86 = Release|x86
	EndGlobalSection
	GlobalSection(ProjectConfigurationPlatforms) = postSolution
		{79B646DB-5BF0-4B14-8655-68F52FCF388E}.Ad-Hoc|Any CPU.ActiveCfg = Release|Any CPU
		{79B646DB-5BF0-4B14-8655-68F52FCF388E}.Ad-Hoc|Any CPU.Build.0 = Release|Any CPU
		{79B646DB-5BF0-4B14-8655-68F52FCF388E}.Ad-Hoc|Any CPU.Deploy.0 = Release|Any CPU
		{79B646DB-5BF0-4B14-8655-68F52FCF388E}.Ad-Hoc|ARM.ActiveCfg = Release|Any CPU
		{79B646DB-5BF0-4B14-8655-68F52FCF388E}.Ad-Hoc|ARM.Build.0 = Release|Any CPU
		{79B646DB-5BF0-4B14-8655-68F52FCF388E}.Ad-Hoc|ARM.Deploy.0 = Release|Any CPU
		{79B646DB-5BF0-4B14-8655-68F52FCF388E}.Ad-Hoc|iPhone.ActiveCfg = Release|Any CPU
		{79B646DB-5BF0-4B14-8655-68F52FCF388E}.Ad-Hoc|iPhone.Build.0 = Release|Any CPU
		{79B646DB-5BF0-4B14-8655-68F52FCF388E}.Ad-Hoc|iPhone.Deploy.0 = Release|Any CPU
		{79B646DB-5BF0-4B14-8655-68F52FCF388E}.Ad-Hoc|iPhoneSimulator.ActiveCfg = Release|Any CPU
		{79B646DB-5BF0-4B14-8655-68F52FCF388E}.Ad-Hoc|iPhoneSimulator.Build.0 = Release|Any CPU
		{79B646DB-5BF0-4B14-8655-68F52FCF388E}.Ad-Hoc|iPhoneSimulator.Deploy.0 = Release|Any CPU
		{79B646DB-5BF0-4B14-8655-68F52FCF388E}.Ad-Hoc|x64.ActiveCfg = Release|Any CPU
		{79B646DB-5BF0-4B14-8655-68F52FCF388E}.Ad-Hoc|x64.Build.0 = Release|Any CPU
		{79B646DB-5BF0-4B14-8655-68F52FCF388E}.Ad-Hoc|x64.Deploy.0 = Release|Any CPU
		{79B646DB-5BF0-4B14-8655-68F52FCF388E}.Ad-Hoc|x86.ActiveCfg = Release|Any CPU
		{79B646DB-5BF0-4B14-8655-68F52FCF388E}.Ad-Hoc|x86.Build.0 = Release|Any CPU
		{79B646DB-5BF0-4B14-8655-68F52FCF388E}.Ad-Hoc|x86.Deploy.0 = Release|Any CPU
		{79B646DB-5BF0-4B14-8655-68F52FCF388E}.AppStore|Any CPU.ActiveCfg = Release|Any CPU
		{79B646DB-5BF0-4B14-8655-68F52FCF388E}.AppStore|Any CPU.Build.0 = Release|Any CPU
		{79B646DB-5BF0-4B14-8655-68F52FCF388E}.AppStore|Any CPU.Deploy.0 = Release|Any CPU
		{79B646DB-5BF0-4B14-8655-68F52FCF388E}.AppStore|ARM.ActiveCfg = Release|Any CPU
		{79B646DB-5BF0-4B14-8655-68F52FCF388E}.AppStore|ARM.Build.0 = Release|Any CPU
		{79B646DB-5BF0-4B14-8655-68F52FCF388E}.AppStore|ARM.Deploy.0 = Release|Any CPU
		{79B646DB-5BF0-4B14-8655-68F52FCF388E}.AppStore|iPhone.ActiveCfg = Release|Any CPU
		{79B646DB-5BF0-4B14-8655-68F52FCF388E}.AppStore|iPhone.Build.0 = Release|Any CPU
		{79B646DB-5BF0-4B14-8655-68F52FCF388E}.AppStore|iPhone.Deploy.0 = Release|Any CPU
		{79B646DB-5BF0-4B14-8655-68F52FCF388E}.AppStore|iPhoneSimulator.ActiveCfg = Release|Any CPU
		{79B646DB-5BF0-4B14-8655-68F52FCF388E}.AppStore|iPhoneSimulator.Build.0 = Release|Any CPU
		{79B646DB-5BF0-4B14-8655-68F52FCF388E}.AppStore|iPhoneSimulator.Deploy.0 = Release|Any CPU
		{79B646DB-5BF0-4B14-8655-68F52FCF388E}.AppStore|x64.ActiveCfg = Release|Any CPU
		{79B646DB-5BF0-4B14-8655-68F52FCF388E}.AppStore|x64.Build.0 = Release|Any CPU
		{79B646DB-5BF0-4B14-8655-68F52FCF388E}.AppStore|x64.Deploy.0 = Release|Any CPU
		{79B646DB-5BF0-4B14-8655-68F52FCF388E}.AppStore|x86.ActiveCfg = Release|Any CPU
		{79B646DB-5BF0-4B14-8655-68F52FCF388E}.AppStore|x86.Build.0 = Release|Any CPU
		{79B646DB-5BF0-4B14-8655-68F52FCF388E}.AppStore|x86.Deploy.0 = Release|Any CPU
		{79B646DB-5BF0-4B14-8655-68F52FCF388E}.Debug|Any CPU.ActiveCfg = Debug|Any CPU
		{79B646DB-5BF0-4B14-8655-68F52FCF388E}.Debug|Any CPU.Build.0 = Debug|Any CPU
		{79B646DB-5BF0-4B14-8655-68F52FCF388E}.Debug|Any CPU.Deploy.0 = Debug|Any CPU
		{79B646DB-5BF0-4B14-8655-68F52FCF388E}.Debug|ARM.ActiveCfg = Debug|Any CPU
		{79B646DB-5BF0-4B14-8655-68F52FCF388E}.Debug|ARM.Build.0 = Debug|Any CPU
		{79B646DB-5BF0-4B14-8655-68F52FCF388E}.Debug|ARM.Deploy.0 = Debug|Any CPU
		{79B646DB-5BF0-4B14-8655-68F52FCF388E}.Debug|iPhone.ActiveCfg = Debug|Any CPU
		{79B646DB-5BF0-4B14-8655-68F52FCF388E}.Debug|iPhone.Build.0 = Debug|Any CPU
		{79B646DB-5BF0-4B14-8655-68F52FCF388E}.Debug|iPhone.Deploy.0 = Debug|Any CPU
		{79B646DB-5BF0-4B14-8655-68F52FCF388E}.Debug|iPhoneSimulator.ActiveCfg = Debug|Any CPU
		{79B646DB-5BF0-4B14-8655-68F52FCF388E}.Debug|iPhoneSimulator.Build.0 = Debug|Any CPU
		{79B646DB-5BF0-4B14-8655-68F52FCF388E}.Debug|iPhoneSimulator.Deploy.0 = Debug|Any CPU
		{79B646DB-5BF0-4B14-8655-68F52FCF388E}.Debug|x64.ActiveCfg = Debug|Any CPU
		{79B646DB-5BF0-4B14-8655-68F52FCF388E}.Debug|x64.Build.0 = Debug|Any CPU
		{79B646DB-5BF0-4B14-8655-68F52FCF388E}.Debug|x64.Deploy.0 = Debug|Any CPU
		{79B646DB-5BF0-4B14-8655-68F52FCF388E}.Debug|x86.ActiveCfg = Debug|Any CPU
		{79B646DB-5BF0-4B14-8655-68F52FCF388E}.Debug|x86.Build.0 = Debug|Any CPU
		{79B646DB-5BF0-4B14-8655-68F52FCF388E}.Debug|x86.Deploy.0 = Debug|Any CPU
		{79B646DB-5BF0-4B14-8655-68F52FCF388E}.Release|Any CPU.ActiveCfg = Release|Any CPU
		{79B646DB-5BF0-4B14-8655-68F52FCF388E}.Release|Any CPU.Build.0 = Release|Any CPU
		{79B646DB-5BF0-4B14-8655-68F52FCF388E}.Release|Any CPU.Deploy.0 = Release|Any CPU
		{79B646DB-5BF0-4B14-8655-68F52FCF388E}.Release|ARM.ActiveCfg = Release|Any CPU
		{79B646DB-5BF0-4B14-8655-68F52FCF388E}.Release|ARM.Build.0 = Release|Any CPU
		{79B646DB-5BF0-4B14-8655-68F52FCF388E}.Release|ARM.Deploy.0 = Release|Any CPU
		{79B646DB-5BF0-4B14-8655-68F52FCF388E}.Release|iPhone.ActiveCfg = Release|Any CPU
		{79B646DB-5BF0-4B14-8655-68F52FCF388E}.Release|iPhone.Build.0 = Release|Any CPU
		{79B646DB-5BF0-4B14-8655-68F52FCF388E}.Release|iPhone.Deploy.0 = Release|Any CPU
		{79B646DB-5BF0-4B14-8655-68F52FCF388E}.Release|iPhoneSimulator.ActiveCfg = Release|Any CPU
		{79B646DB-5BF0-4B14-8655-68F52FCF388E}.Release|iPhoneSimulator.Build.0 = Release|Any CPU
		{79B646DB-5BF0-4B14-8655-68F52FCF388E}.Release|iPhoneSimulator.Deploy.0 = Release|Any CPU
		{79B646DB-5BF0-4B14-8655-68F52FCF388E}.Release|x64.ActiveCfg = Release|Any CPU
		{79B646DB-5BF0-4B14-8655-68F52FCF388E}.Release|x64.Build.0 = Release|Any CPU
		{79B646DB-5BF0-4B14-8655-68F52FCF388E}.Release|x64.Deploy.0 = Release|Any CPU
		{79B646DB-5BF0-4B14-8655-68F52FCF388E}.Release|x86.ActiveCfg = Release|Any CPU
		{79B646DB-5BF0-4B14-8655-68F52FCF388E}.Release|x86.Build.0 = Release|Any CPU
		{79B646DB-5BF0-4B14-8655-68F52FCF388E}.Release|x86.Deploy.0 = Release|Any CPU
		{3D675BA8-F977-48B8-B6D3-F1B5DD77B930}.Ad-Hoc|Any CPU.ActiveCfg = Ad-Hoc|iPhone
		{3D675BA8-F977-48B8-B6D3-F1B5DD77B930}.Ad-Hoc|ARM.ActiveCfg = Ad-Hoc|iPhone
		{3D675BA8-F977-48B8-B6D3-F1B5DD77B930}.Ad-Hoc|iPhone.ActiveCfg = Ad-Hoc|iPhone
		{3D675BA8-F977-48B8-B6D3-F1B5DD77B930}.Ad-Hoc|iPhone.Build.0 = Ad-Hoc|iPhone
		{3D675BA8-F977-48B8-B6D3-F1B5DD77B930}.Ad-Hoc|iPhoneSimulator.ActiveCfg = Ad-Hoc|iPhoneSimulator
		{3D675BA8-F977-48B8-B6D3-F1B5DD77B930}.Ad-Hoc|iPhoneSimulator.Build.0 = Ad-Hoc|iPhoneSimulator
		{3D675BA8-F977-48B8-B6D3-F1B5DD77B930}.Ad-Hoc|x64.ActiveCfg = Ad-Hoc|iPhone
		{3D675BA8-F977-48B8-B6D3-F1B5DD77B930}.Ad-Hoc|x86.ActiveCfg = Ad-Hoc|iPhone
		{3D675BA8-F977-48B8-B6D3-F1B5DD77B930}.AppStore|Any CPU.ActiveCfg = AppStore|iPhone
		{3D675BA8-F977-48B8-B6D3-F1B5DD77B930}.AppStore|ARM.ActiveCfg = AppStore|iPhone
		{3D675BA8-F977-48B8-B6D3-F1B5DD77B930}.AppStore|iPhone.ActiveCfg = AppStore|iPhone
		{3D675BA8-F977-48B8-B6D3-F1B5DD77B930}.AppStore|iPhone.Build.0 = AppStore|iPhone
		{3D675BA8-F977-48B8-B6D3-F1B5DD77B930}.AppStore|iPhoneSimulator.ActiveCfg = AppStore|iPhoneSimulator
		{3D675BA8-F977-48B8-B6D3-F1B5DD77B930}.AppStore|iPhoneSimulator.Build.0 = AppStore|iPhoneSimulator
		{3D675BA8-F977-48B8-B6D3-F1B5DD77B930}.AppStore|x64.ActiveCfg = AppStore|iPhone
		{3D675BA8-F977-48B8-B6D3-F1B5DD77B930}.AppStore|x86.ActiveCfg = AppStore|iPhone
		{3D675BA8-F977-48B8-B6D3-F1B5DD77B930}.Debug|Any CPU.ActiveCfg = Debug|iPhone
		{3D675BA8-F977-48B8-B6D3-F1B5DD77B930}.Debug|ARM.ActiveCfg = Debug|iPhone
		{3D675BA8-F977-48B8-B6D3-F1B5DD77B930}.Debug|iPhone.ActiveCfg = Debug|iPhone
		{3D675BA8-F977-48B8-B6D3-F1B5DD77B930}.Debug|iPhone.Build.0 = Debug|iPhone
		{3D675BA8-F977-48B8-B6D3-F1B5DD77B930}.Debug|iPhoneSimulator.ActiveCfg = Debug|iPhoneSimulator
		{3D675BA8-F977-48B8-B6D3-F1B5DD77B930}.Debug|iPhoneSimulator.Build.0 = Debug|iPhoneSimulator
		{3D675BA8-F977-48B8-B6D3-F1B5DD77B930}.Debug|x64.ActiveCfg = Debug|iPhone
		{3D675BA8-F977-48B8-B6D3-F1B5DD77B930}.Debug|x86.ActiveCfg = Debug|iPhone
		{3D675BA8-F977-48B8-B6D3-F1B5DD77B930}.Release|Any CPU.ActiveCfg = Release|iPhone
		{3D675BA8-F977-48B8-B6D3-F1B5DD77B930}.Release|ARM.ActiveCfg = Release|iPhone
		{3D675BA8-F977-48B8-B6D3-F1B5DD77B930}.Release|iPhone.ActiveCfg = Release|iPhone
		{3D675BA8-F977-48B8-B6D3-F1B5DD77B930}.Release|iPhone.Build.0 = Release|iPhone
		{3D675BA8-F977-48B8-B6D3-F1B5DD77B930}.Release|iPhoneSimulator.ActiveCfg = Release|iPhoneSimulator
		{3D675BA8-F977-48B8-B6D3-F1B5DD77B930}.Release|iPhoneSimulator.Build.0 = Release|iPhoneSimulator
		{3D675BA8-F977-48B8-B6D3-F1B5DD77B930}.Release|x64.ActiveCfg = Release|iPhone
		{3D675BA8-F977-48B8-B6D3-F1B5DD77B930}.Release|x86.ActiveCfg = Release|iPhone
		{C0E8D66A-B5AB-42F2-BA42-20BE9860F101}.Ad-Hoc|Any CPU.ActiveCfg = Release|x64
		{C0E8D66A-B5AB-42F2-BA42-20BE9860F101}.Ad-Hoc|Any CPU.Build.0 = Release|x64
		{C0E8D66A-B5AB-42F2-BA42-20BE9860F101}.Ad-Hoc|Any CPU.Deploy.0 = Release|x64
		{C0E8D66A-B5AB-42F2-BA42-20BE9860F101}.Ad-Hoc|ARM.ActiveCfg = Release|ARM
		{C0E8D66A-B5AB-42F2-BA42-20BE9860F101}.Ad-Hoc|ARM.Build.0 = Release|ARM
		{C0E8D66A-B5AB-42F2-BA42-20BE9860F101}.Ad-Hoc|ARM.Deploy.0 = Release|ARM
		{C0E8D66A-B5AB-42F2-BA42-20BE9860F101}.Ad-Hoc|iPhone.ActiveCfg = Release|x64
		{C0E8D66A-B5AB-42F2-BA42-20BE9860F101}.Ad-Hoc|iPhone.Build.0 = Release|x64
		{C0E8D66A-B5AB-42F2-BA42-20BE9860F101}.Ad-Hoc|iPhone.Deploy.0 = Release|x64
		{C0E8D66A-B5AB-42F2-BA42-20BE9860F101}.Ad-Hoc|iPhoneSimulator.ActiveCfg = Release|x64
		{C0E8D66A-B5AB-42F2-BA42-20BE9860F101}.Ad-Hoc|iPhoneSimulator.Build.0 = Release|x64
		{C0E8D66A-B5AB-42F2-BA42-20BE9860F101}.Ad-Hoc|iPhoneSimulator.Deploy.0 = Release|x64
		{C0E8D66A-B5AB-42F2-BA42-20BE9860F101}.Ad-Hoc|x64.ActiveCfg = Release|x64
		{C0E8D66A-B5AB-42F2-BA42-20BE9860F101}.Ad-Hoc|x64.Build.0 = Release|x64
		{C0E8D66A-B5AB-42F2-BA42-20BE9860F101}.Ad-Hoc|x64.Deploy.0 = Release|x64
		{C0E8D66A-B5AB-42F2-BA42-20BE9860F101}.Ad-Hoc|x86.ActiveCfg = Release|x86
		{C0E8D66A-B5AB-42F2-BA42-20BE9860F101}.Ad-Hoc|x86.Build.0 = Release|x86
		{C0E8D66A-B5AB-42F2-BA42-20BE9860F101}.Ad-Hoc|x86.Deploy.0 = Release|x86
		{C0E8D66A-B5AB-42F2-BA42-20BE9860F101}.AppStore|Any CPU.ActiveCfg = Release|x64
		{C0E8D66A-B5AB-42F2-BA42-20BE9860F101}.AppStore|Any CPU.Build.0 = Release|x64
		{C0E8D66A-B5AB-42F2-BA42-20BE9860F101}.AppStore|Any CPU.Deploy.0 = Release|x64
		{C0E8D66A-B5AB-42F2-BA42-20BE9860F101}.AppStore|ARM.ActiveCfg = Release|ARM
		{C0E8D66A-B5AB-42F2-BA42-20BE9860F101}.AppStore|ARM.Build.0 = Release|ARM
		{C0E8D66A-B5AB-42F2-BA42-20BE9860F101}.AppStore|ARM.Deploy.0 = Release|ARM
		{C0E8D66A-B5AB-42F2-BA42-20BE9860F101}.AppStore|iPhone.ActiveCfg = Release|x64
		{C0E8D66A-B5AB-42F2-BA42-20BE9860F101}.AppStore|iPhone.Build.0 = Release|x64
		{C0E8D66A-B5AB-42F2-BA42-20BE9860F101}.AppStore|iPhone.Deploy.0 = Release|x64
		{C0E8D66A-B5AB-42F2-BA42-20BE9860F101}.AppStore|iPhoneSimulator.ActiveCfg = Release|x64
		{C0E8D66A-B5AB-42F2-BA42-20BE9860F101}.AppStore|iPhoneSimulator.Build.0 = Release|x64
		{C0E8D66A-B5AB-42F2-BA42-20BE9860F101}.AppStore|iPhoneSimulator.Deploy.0 = Release|x64
		{C0E8D66A-B5AB-42F2-BA42-20BE9860F101}.AppStore|x64.ActiveCfg = Release|x64
		{C0E8D66A-B5AB-42F2-BA42-20BE9860F101}.AppStore|x64.Build.0 = Release|x64
		{C0E8D66A-B5AB-42F2-BA42-20BE9860F101}.AppStore|x64.Deploy.0 = Release|x64
		{C0E8D66A-B5AB-42F2-BA42-20BE9860F101}.AppStore|x86.ActiveCfg = Release|x86
		{C0E8D66A-B5AB-42F2-BA42-20BE9860F101}.AppStore|x86.Build.0 = Release|x86
		{C0E8D66A-B5AB-42F2-BA42-20BE9860F101}.AppStore|x86.Deploy.0 = Release|x86
		{C0E8D66A-B5AB-42F2-BA42-20BE9860F101}.Debug|Any CPU.ActiveCfg = Debug|x86
		{C0E8D66A-B5AB-42F2-BA42-20BE9860F101}.Debug|ARM.ActiveCfg = Debug|ARM
		{C0E8D66A-B5AB-42F2-BA42-20BE9860F101}.Debug|ARM.Build.0 = Debug|ARM
		{C0E8D66A-B5AB-42F2-BA42-20BE9860F101}.Debug|ARM.Deploy.0 = Debug|ARM
		{C0E8D66A-B5AB-42F2-BA42-20BE9860F101}.Debug|iPhone.ActiveCfg = Debug|x86
		{C0E8D66A-B5AB-42F2-BA42-20BE9860F101}.Debug|iPhoneSimulator.ActiveCfg = Debug|x86
		{C0E8D66A-B5AB-42F2-BA42-20BE9860F101}.Debug|x64.ActiveCfg = Debug|x64
		{C0E8D66A-B5AB-42F2-BA42-20BE9860F101}.Debug|x64.Build.0 = Debug|x64
		{C0E8D66A-B5AB-42F2-BA42-20BE9860F101}.Debug|x64.Deploy.0 = Debug|x64
		{C0E8D66A-B5AB-42F2-BA42-20BE9860F101}.Debug|x86.ActiveCfg = Debug|x86
		{C0E8D66A-B5AB-42F2-BA42-20BE9860F101}.Debug|x86.Build.0 = Debug|x86
		{C0E8D66A-B5AB-42F2-BA42-20BE9860F101}.Debug|x86.Deploy.0 = Debug|x86
		{C0E8D66A-B5AB-42F2-BA42-20BE9860F101}.Release|Any CPU.ActiveCfg = Release|x86
		{C0E8D66A-B5AB-42F2-BA42-20BE9860F101}.Release|ARM.ActiveCfg = Release|ARM
		{C0E8D66A-B5AB-42F2-BA42-20BE9860F101}.Release|ARM.Build.0 = Release|ARM
		{C0E8D66A-B5AB-42F2-BA42-20BE9860F101}.Release|ARM.Deploy.0 = Release|ARM
		{C0E8D66A-B5AB-42F2-BA42-20BE9860F101}.Release|iPhone.ActiveCfg = Release|x86
		{C0E8D66A-B5AB-42F2-BA42-20BE9860F101}.Release|iPhoneSimulator.ActiveCfg = Release|x86
		{C0E8D66A-B5AB-42F2-BA42-20BE9860F101}.Release|x64.ActiveCfg = Release|x64
		{C0E8D66A-B5AB-42F2-BA42-20BE9860F101}.Release|x64.Build.0 = Release|x64
		{C0E8D66A-B5AB-42F2-BA42-20BE9860F101}.Release|x64.Deploy.0 = Release|x64
		{C0E8D66A-B5AB-42F2-BA42-20BE9860F101}.Release|x86.ActiveCfg = Release|x86
		{C0E8D66A-B5AB-42F2-BA42-20BE9860F101}.Release|x86.Build.0 = Release|x86
		{C0E8D66A-B5AB-42F2-BA42-20BE9860F101}.Release|x86.Deploy.0 = Release|x86
		{0BCCF0E1-3929-46AF-BD64-3623638BCBB4}.Ad-Hoc|Any CPU.ActiveCfg = Debug|Any CPU
		{0BCCF0E1-3929-46AF-BD64-3623638BCBB4}.Ad-Hoc|Any CPU.Build.0 = Debug|Any CPU
		{0BCCF0E1-3929-46AF-BD64-3623638BCBB4}.Ad-Hoc|ARM.ActiveCfg = Debug|Any CPU
		{0BCCF0E1-3929-46AF-BD64-3623638BCBB4}.Ad-Hoc|ARM.Build.0 = Debug|Any CPU
		{0BCCF0E1-3929-46AF-BD64-3623638BCBB4}.Ad-Hoc|iPhone.ActiveCfg = Debug|Any CPU
		{0BCCF0E1-3929-46AF-BD64-3623638BCBB4}.Ad-Hoc|iPhone.Build.0 = Debug|Any CPU
		{0BCCF0E1-3929-46AF-BD64-3623638BCBB4}.Ad-Hoc|iPhoneSimulator.ActiveCfg = Debug|Any CPU
		{0BCCF0E1-3929-46AF-BD64-3623638BCBB4}.Ad-Hoc|iPhoneSimulator.Build.0 = Debug|Any CPU
		{0BCCF0E1-3929-46AF-BD64-3623638BCBB4}.Ad-Hoc|x64.ActiveCfg = Debug|Any CPU
		{0BCCF0E1-3929-46AF-BD64-3623638BCBB4}.Ad-Hoc|x64.Build.0 = Debug|Any CPU
		{0BCCF0E1-3929-46AF-BD64-3623638BCBB4}.Ad-Hoc|x86.ActiveCfg = Debug|Any CPU
		{0BCCF0E1-3929-46AF-BD64-3623638BCBB4}.Ad-Hoc|x86.Build.0 = Debug|Any CPU
		{0BCCF0E1-3929-46AF-BD64-3623638BCBB4}.AppStore|Any CPU.ActiveCfg = Debug|Any CPU
		{0BCCF0E1-3929-46AF-BD64-3623638BCBB4}.AppStore|Any CPU.Build.0 = Debug|Any CPU
		{0BCCF0E1-3929-46AF-BD64-3623638BCBB4}.AppStore|ARM.ActiveCfg = Debug|Any CPU
		{0BCCF0E1-3929-46AF-BD64-3623638BCBB4}.AppStore|ARM.Build.0 = Debug|Any CPU
		{0BCCF0E1-3929-46AF-BD64-3623638BCBB4}.AppStore|iPhone.ActiveCfg = Debug|Any CPU
		{0BCCF0E1-3929-46AF-BD64-3623638BCBB4}.AppStore|iPhone.Build.0 = Debug|Any CPU
		{0BCCF0E1-3929-46AF-BD64-3623638BCBB4}.AppStore|iPhoneSimulator.ActiveCfg = Debug|Any CPU
		{0BCCF0E1-3929-46AF-BD64-3623638BCBB4}.AppStore|iPhoneSimulator.Build.0 = Debug|Any CPU
		{0BCCF0E1-3929-46AF-BD64-3623638BCBB4}.AppStore|x64.ActiveCfg = Debug|Any CPU
		{0BCCF0E1-3929-46AF-BD64-3623638BCBB4}.AppStore|x64.Build.0 = Debug|Any CPU
		{0BCCF0E1-3929-46AF-BD64-3623638BCBB4}.AppStore|x86.ActiveCfg = Debug|Any CPU
		{0BCCF0E1-3929-46AF-BD64-3623638BCBB4}.AppStore|x86.Build.0 = Debug|Any CPU
		{0BCCF0E1-3929-46AF-BD64-3623638BCBB4}.Debug|Any CPU.ActiveCfg = Debug|Any CPU
		{0BCCF0E1-3929-46AF-BD64-3623638BCBB4}.Debug|Any CPU.Build.0 = Debug|Any CPU
		{0BCCF0E1-3929-46AF-BD64-3623638BCBB4}.Debug|ARM.ActiveCfg = Debug|Any CPU
		{0BCCF0E1-3929-46AF-BD64-3623638BCBB4}.Debug|ARM.Build.0 = Debug|Any CPU
		{0BCCF0E1-3929-46AF-BD64-3623638BCBB4}.Debug|iPhone.ActiveCfg = Debug|Any CPU
		{0BCCF0E1-3929-46AF-BD64-3623638BCBB4}.Debug|iPhone.Build.0 = Debug|Any CPU
		{0BCCF0E1-3929-46AF-BD64-3623638BCBB4}.Debug|iPhoneSimulator.ActiveCfg = Debug|Any CPU
		{0BCCF0E1-3929-46AF-BD64-3623638BCBB4}.Debug|iPhoneSimulator.Build.0 = Debug|Any CPU
		{0BCCF0E1-3929-46AF-BD64-3623638BCBB4}.Debug|x64.ActiveCfg = Debug|Any CPU
		{0BCCF0E1-3929-46AF-BD64-3623638BCBB4}.Debug|x64.Build.0 = Debug|Any CPU
		{0BCCF0E1-3929-46AF-BD64-3623638BCBB4}.Debug|x86.ActiveCfg = Debug|Any CPU
		{0BCCF0E1-3929-46AF-BD64-3623638BCBB4}.Debug|x86.Build.0 = Debug|Any CPU
		{0BCCF0E1-3929-46AF-BD64-3623638BCBB4}.Release|Any CPU.ActiveCfg = Release|Any CPU
		{0BCCF0E1-3929-46AF-BD64-3623638BCBB4}.Release|Any CPU.Build.0 = Release|Any CPU
		{0BCCF0E1-3929-46AF-BD64-3623638BCBB4}.Release|ARM.ActiveCfg = Release|Any CPU
		{0BCCF0E1-3929-46AF-BD64-3623638BCBB4}.Release|ARM.Build.0 = Release|Any CPU
		{0BCCF0E1-3929-46AF-BD64-3623638BCBB4}.Release|iPhone.ActiveCfg = Release|Any CPU
		{0BCCF0E1-3929-46AF-BD64-3623638BCBB4}.Release|iPhone.Build.0 = Release|Any CPU
		{0BCCF0E1-3929-46AF-BD64-3623638BCBB4}.Release|iPhoneSimulator.ActiveCfg = Release|Any CPU
		{0BCCF0E1-3929-46AF-BD64-3623638BCBB4}.Release|iPhoneSimulator.Build.0 = Release|Any CPU
		{0BCCF0E1-3929-46AF-BD64-3623638BCBB4}.Release|x64.ActiveCfg = Release|Any CPU
		{0BCCF0E1-3929-46AF-BD64-3623638BCBB4}.Release|x64.Build.0 = Release|Any CPU
		{0BCCF0E1-3929-46AF-BD64-3623638BCBB4}.Release|x86.ActiveCfg = Release|Any CPU
		{0BCCF0E1-3929-46AF-BD64-3623638BCBB4}.Release|x86.Build.0 = Release|Any CPU
	EndGlobalSection
	GlobalSection(SolutionProperties) = preSolution
		HideSolutionNode = FALSE
	EndGlobalSection
	GlobalSection(ExtensibilityGlobals) = postSolution
		SolutionGuid = {092F4DB9-61CD-46CB-93C3-8A65C2D585C3}
	EndGlobalSection
EndGlobal
